lockfileVersion: '9.0'

settings:
  autoInstallPeers: true
  excludeLinksFromLockfile: false

importers:

  .:
    dependencies:
      '@azure/openai':
        specifier: 1.0.0-beta.12
        version: 1.0.0-beta.12
      dotenv:
        specifier: ^16.4.5
        version: 16.4.5
      hono:
        specifier: ^4.4.10
        version: 4.4.10
    devDependencies:
      '@types/bun':
        specifier: latest
        version: 1.1.6

packages:

  '@azure-rest/core-client@1.4.0':
    resolution: {integrity: sha512-ozTDPBVUDR5eOnMIwhggbnVmOrka4fXCs8n8mvUo4WLLc38kki6bAOByDoVZZPz/pZy2jMt2kwfpvy/UjALj6w==}
    engines: {node: '>=18.0.0'}

  '@azure/abort-controller@2.1.2':
    resolution: {integrity: sha512-nBrLsEWm4J2u5LpAPjxADTlq3trDgVZZXHNKabeXZtpq3d3AbN/KGO82R87rdDz5/lYB024rtEf10/q0urNgsA==}
    engines: {node: '>=18.0.0'}

  '@azure/core-auth@1.7.2':
    resolution: {integrity: sha512-Igm/S3fDYmnMq1uKS38Ae1/m37B3zigdlZw+kocwEhh5GjyKjPrXKO2J6rzpC1wAxrNil/jX9BJRqBshyjnF3g==}
    engines: {node: '>=18.0.0'}

  '@azure/core-rest-pipeline@1.16.1':
    resolution: {integrity: sha512-ExPSbgjwCoht6kB7B4MeZoBAxcQSIl29r/bPeazZJx50ej4JJCByimLOrZoIsurISNyJQQHf30b3JfqC3Hb88A==}
    engines: {node: '>=18.0.0'}

  '@azure/core-sse@2.1.2':
    resolution: {integrity: sha512-yf+pFIu8yCzXu9RbH2+8kp9vITIKJLHgkLgFNA6hxiDHK3fxeP596cHUj4c8Cm8JlooaUnYdHmF84KCZt3jbmw==}
    engines: {node: '>=18.0.0'}

  '@azure/core-tracing@1.1.2':
    resolution: {integrity: sha512-dawW9ifvWAWmUm9/h+/UQ2jrdvjCJ7VJEuCJ6XVNudzcOwm53BFZH4Q845vjfgoUAM8ZxokvVNxNxAITc502YA==}
    engines: {node: '>=18.0.0'}

  '@azure/core-util@1.9.0':
    resolution: {integrity: sha512-AfalUQ1ZppaKuxPPMsFEUdX6GZPB3d9paR9d/TTL7Ow2De8cJaC7ibi7kWVlFAVPCYo31OcnGymc0R89DX8Oaw==}
    engines: {node: '>=18.0.0'}

  '@azure/logger@1.1.2':
    resolution: {integrity: sha512-l170uE7bsKpIU6B/giRc9i4NI0Mj+tANMMMxf7Zi/5cKzEqPayP7+X1WPrG7e+91JgY8N+7K7nF2WOi7iVhXvg==}
    engines: {node: '>=18.0.0'}

  '@azure/openai@1.0.0-beta.12':
    resolution: {integrity: sha512-qKblxr6oVa8GsyNzY+/Ub9VmEsPYKhBrUrPaNEQiM+qrxnBPVm9kaeqGFFb/U78Q2zOabmhF9ctYt3xBW0nWnQ==}
    engines: {node: '>=18.0.0'}

  '@types/bun@1.1.6':
    resolution: {integrity: sha512-uJgKjTdX0GkWEHZzQzFsJkWp5+43ZS7HC8sZPFnOwnSo1AsNl2q9o2bFeS23disNDqbggEgyFkKCHl/w8iZsMA==}

  '@types/node@20.12.14':
    resolution: {integrity: sha512-scnD59RpYD91xngrQQLGkE+6UrHUPzeKZWhhjBSa3HSkwjbQc38+q3RoIVEwxQGRw3M+j5hpNAM+lgV3cVormg==}

  '@types/ws@8.5.10':
    resolution: {integrity: sha512-vmQSUcfalpIq0R9q7uTo2lXs6eGIpt9wtnLdMv9LVpIjCA/+ufZRozlVoVelIYixx1ugCBKDhn89vnsEGOCx9A==}

  agent-base@7.1.1:
    resolution: {integrity: sha512-H0TSyFNDMomMNJQBn8wFV5YC/2eJ+VXECwOadZJT554xP6cODZHPX3H9QMQECxvrgiSOP1pHjy1sMWQVYJOUOA==}
    engines: {node: '>= 14'}

  bun-types@1.1.17:
    resolution: {integrity: sha512-Z4+OplcSd/YZq7ZsrfD00DKJeCwuNY96a1IDJyR73+cTBaFIS7SC6LhpY/W3AMEXO9iYq5NJ58WAwnwL1p5vKg==}

  debug@4.3.5:
    resolution: {integrity: sha512-pt0bNEmneDIvdL1Xsd9oDQ/wrQRkXDT4AUWlNZNPKvW5x/jyO9VFXkJUP07vQ2upmw5PlaITaPKc31jK13V+jg==}
    engines: {node: '>=6.0'}
    peerDependencies:
      supports-color: '*'
    peerDependenciesMeta:
      supports-color:
        optional: true

  dotenv@16.4.5:
    resolution: {integrity: sha512-ZmdL2rui+eB2YwhsWzjInR8LldtZHGDoQ1ugH85ppHKwpUHL7j7rN0Ti9NCnGiQbhaZ11FpR+7ao1dNsmduNUg==}
    engines: {node: '>=12'}

  hono@4.4.10:
    resolution: {integrity: sha512-z6918u9rXRU5CCisMHd2uUVoQXcNyUrUMmYY7VH10v4HJG7+hqgMK/G8YNTd13C6s4rBfzF09iz8VpOip9qG3A==}
    engines: {node: '>=16.0.0'}

  http-proxy-agent@7.0.2:
    resolution: {integrity: sha512-T1gkAiYYDWYx3V5Bmyu7HcfcvL7mUrTWiM6yOfa3PIphViJ/gFPbvidQ+veqSOHci/PxBcDabeUNCzpOODJZig==}
    engines: {node: '>= 14'}

  https-proxy-agent@7.0.5:
    resolution: {integrity: sha512-1e4Wqeblerz+tMKPIq2EMGiiWW1dIjZOksyHWSUm1rmuvw/how9hBHZ38lAGj5ID4Ik6EdkOw7NmWPy6LAwalw==}
    engines: {node: '>= 14'}

  ms@2.1.2:
    resolution: {integrity: sha512-sGkPx+VjMtmA6MX27oA4FBFELFCZZ4S4XqeGOXCv68tT+jb3vk/RyaKWP0PTKyWtmLSM0b+adUTEvbs1PEaH2w==}

  tslib@2.6.3:
    resolution: {integrity: sha512-xNvxJEOUiWPGhUuUdQgAJPKOOJfGnIyKySOc09XkKsgdUV/3E2zvwZYdejjmRgPCgcym1juLH3226yA7sEFJKQ==}

  undici-types@5.26.5:
    resolution: {integrity: sha512-JlCMO+ehdEIKqlFxk6IfVoAUVmgz7cU7zD/h9XZ0qzeosSHmUJVOzSQvvYSYWXkFXC+IfLKSIffhv0sVZup6pA==}

snapshots:

  '@azure-rest/core-client@1.4.0':
    dependencies:
      '@azure/abort-controller': 2.1.2
      '@azure/core-auth': 1.7.2
      '@azure/core-rest-pipeline': 1.16.1
      '@azure/core-tracing': 1.1.2
      '@azure/core-util': 1.9.0
      tslib: 2.6.3
    transitivePeerDependencies:
      - supports-color

  '@azure/abort-controller@2.1.2':
    dependencies:
      tslib: 2.6.3

  '@azure/core-auth@1.7.2':
    dependencies:
      '@azure/abort-controller': 2.1.2
      '@azure/core-util': 1.9.0
      tslib: 2.6.3

  '@azure/core-rest-pipeline@1.16.1':
    dependencies:
      '@azure/abort-controller': 2.1.2
      '@azure/core-auth': 1.7.2
      '@azure/core-tracing': 1.1.2
      '@azure/core-util': 1.9.0
      '@azure/logger': 1.1.2
      http-proxy-agent: 7.0.2
      https-proxy-agent: 7.0.5
      tslib: 2.6.3
    transitivePeerDependencies:
      - supports-color

  '@azure/core-sse@2.1.2':
    dependencies:
      tslib: 2.6.3

  '@azure/core-tracing@1.1.2':
    dependencies:
      tslib: 2.6.3

  '@azure/core-util@1.9.0':
    dependencies:
      '@azure/abort-controller': 2.1.2
      tslib: 2.6.3

  '@azure/logger@1.1.2':
    dependencies:
      tslib: 2.6.3

  '@azure/openai@1.0.0-beta.12':
    dependencies:
      '@azure-rest/core-client': 1.4.0
      '@azure/core-auth': 1.7.2
      '@azure/core-rest-pipeline': 1.16.1
      '@azure/core-sse': 2.1.2
      '@azure/core-util': 1.9.0
      '@azure/logger': 1.1.2
      tslib: 2.6.3
    transitivePeerDependencies:
      - supports-color

  '@types/bun@1.1.6':
    dependencies:
      bun-types: 1.1.17

  '@types/node@20.12.14':
    dependencies:
      undici-types: 5.26.5

  '@types/ws@8.5.10':
    dependencies:
      '@types/node': 20.12.14

  agent-base@7.1.1:
    dependencies:
      debug: 4.3.5
    transitivePeerDependencies:
      - supports-color

  bun-types@1.1.17:
    dependencies:
      '@types/node': 20.12.14
      '@types/ws': 8.5.10

  debug@4.3.5:
    dependencies:
      ms: 2.1.2

  dotenv@16.4.5: {}

  hono@4.4.10: {}

  http-proxy-agent@7.0.2:
    dependencies:
      agent-base: 7.1.1
      debug: 4.3.5
    transitivePeerDependencies:
      - supports-color

  https-proxy-agent@7.0.5:
    dependencies:
      agent-base: 7.1.1
      debug: 4.3.5
    transitivePeerDependencies:
      - supports-color

  ms@2.1.2: {}

  tslib@2.6.3: {}

  undici-types@5.26.5: {}
